// !$*UTF8*$!
{
	archiveVersion = 1;
	classes = {
	};
	objectVersion = 56;
	objects = {

/* Begin PBXBuildFile section */
		901222842AA6081900DA742D /* MeetingHeaderView.swift in Sources */ = {isa = PBXBuildFile; fileRef = 901222832AA6081900DA742D /* MeetingHeaderView.swift */; };
		901222862AA60ACB00DA742D /* ScrumProgressViewStyle.swift in Sources */ = {isa = PBXBuildFile; fileRef = 901222852AA60ACB00DA742D /* ScrumProgressViewStyle.swift */; };
		901222882AA60F4500DA742D /* ScrumTimer.swift in Sources */ = {isa = PBXBuildFile; fileRef = 901222872AA60F4500DA742D /* ScrumTimer.swift */; };
		9012228A2AA6161300DA742D /* MeetingFooterView.swift in Sources */ = {isa = PBXBuildFile; fileRef = 901222892AA6161300DA742D /* MeetingFooterView.swift */; };
		9012228C2AA6189700DA742D /* AVPlayer+Ding.swift in Sources */ = {isa = PBXBuildFile; fileRef = 9012228B2AA6189700DA742D /* AVPlayer+Ding.swift */; };
		9012228F2AA6196700DA742D /* ding.wav in Resources */ = {isa = PBXBuildFile; fileRef = 9012228E2AA6196700DA742D /* ding.wav */; };
		90188C712A8A4A6800EFDB1D /* ScrumdingerApp.swift in Sources */ = {isa = PBXBuildFile; fileRef = 90188C702A8A4A6800EFDB1D /* ScrumdingerApp.swift */; };
		90188C732A8A4A6800EFDB1D /* MeetingView.swift in Sources */ = {isa = PBXBuildFile; fileRef = 90188C722A8A4A6800EFDB1D /* MeetingView.swift */; };
		90188C752A8A4A6A00EFDB1D /* Assets.xcassets in Resources */ = {isa = PBXBuildFile; fileRef = 90188C742A8A4A6A00EFDB1D /* Assets.xcassets */; };
		90188C782A8A4A6A00EFDB1D /* Preview Assets.xcassets in Resources */ = {isa = PBXBuildFile; fileRef = 90188C772A8A4A6A00EFDB1D /* Preview Assets.xcassets */; };
		90188C802A8A93C500EFDB1D /* Theme.swift in Sources */ = {isa = PBXBuildFile; fileRef = 90188C7F2A8A93C500EFDB1D /* Theme.swift */; };
		90188C822A8A948D00EFDB1D /* DailyScrum.swift in Sources */ = {isa = PBXBuildFile; fileRef = 90188C812A8A948D00EFDB1D /* DailyScrum.swift */; };
		90188C842A8A953800EFDB1D /* CardView.swift in Sources */ = {isa = PBXBuildFile; fileRef = 90188C832A8A953800EFDB1D /* CardView.swift */; };
		90188C862A8A994300EFDB1D /* TrailingIconLabelStyle.swift in Sources */ = {isa = PBXBuildFile; fileRef = 90188C852A8A994300EFDB1D /* TrailingIconLabelStyle.swift */; };
		90188C882A8B8CB600EFDB1D /* ScrumsView.swift in Sources */ = {isa = PBXBuildFile; fileRef = 90188C872A8B8CB600EFDB1D /* ScrumsView.swift */; };
		902116152A8E17E8001B9DDF /* DetailView.swift in Sources */ = {isa = PBXBuildFile; fileRef = 902116142A8E17E7001B9DDF /* DetailView.swift */; };
		903FAB1B2AA1C97A00199B21 /* ThemeView.swift in Sources */ = {isa = PBXBuildFile; fileRef = 903FAB1A2AA1C97A00199B21 /* ThemeView.swift */; };
		903FAB1D2AA1CB0200199B21 /* ThemePicker.swift in Sources */ = {isa = PBXBuildFile; fileRef = 903FAB1C2AA1CB0200199B21 /* ThemePicker.swift */; };
		909B5A922A8FB1F600DB0D78 /* DetailEditView.swift in Sources */ = {isa = PBXBuildFile; fileRef = 909B5A912A8FB1F600DB0D78 /* DetailEditView.swift */; };
/* End PBXBuildFile section */

/* Begin PBXFileReference section */
		901222832AA6081900DA742D /* MeetingHeaderView.swift */ = {isa = PBXFileReference; lastKnownFileType = sourcecode.swift; path = MeetingHeaderView.swift; sourceTree = "<group>"; };
		901222852AA60ACB00DA742D /* ScrumProgressViewStyle.swift */ = {isa = PBXFileReference; lastKnownFileType = sourcecode.swift; path = ScrumProgressViewStyle.swift; sourceTree = "<group>"; };
		901222872AA60F4500DA742D /* ScrumTimer.swift */ = {isa = PBXFileReference; lastKnownFileType = sourcecode.swift; path = ScrumTimer.swift; sourceTree = "<group>"; };
		901222892AA6161300DA742D /* MeetingFooterView.swift */ = {isa = PBXFileReference; lastKnownFileType = sourcecode.swift; path = MeetingFooterView.swift; sourceTree = "<group>"; };
		9012228B2AA6189700DA742D /* AVPlayer+Ding.swift */ = {isa = PBXFileReference; lastKnownFileType = sourcecode.swift; path = "AVPlayer+Ding.swift"; sourceTree = "<group>"; };
		9012228E2AA6196700DA742D /* ding.wav */ = {isa = PBXFileReference; lastKnownFileType = audio.wav; name = ding.wav; path = ../../../../../../Downloads/ManagingStateAndLifeCycle/StartingProject/Scrumdinger/Resources/ding.wav; sourceTree = "<group>"; };
		90188C6D2A8A4A6800EFDB1D /* Scrumdinger.app */ = {isa = PBXFileReference; explicitFileType = wrapper.application; includeInIndex = 0; path = Scrumdinger.app; sourceTree = BUILT_PRODUCTS_DIR; };
		90188C702A8A4A6800EFDB1D /* ScrumdingerApp.swift */ = {isa = PBXFileReference; lastKnownFileType = sourcecode.swift; path = ScrumdingerApp.swift; sourceTree = "<group>"; };
		90188C722A8A4A6800EFDB1D /* MeetingView.swift */ = {isa = PBXFileReference; lastKnownFileType = sourcecode.swift; path = MeetingView.swift; sourceTree = "<group>"; };
		90188C742A8A4A6A00EFDB1D /* Assets.xcassets */ = {isa = PBXFileReference; lastKnownFileType = folder.assetcatalog; path = Assets.xcassets; sourceTree = "<group>"; };
		90188C772A8A4A6A00EFDB1D /* Preview Assets.xcassets */ = {isa = PBXFileReference; lastKnownFileType = folder.assetcatalog; path = "Preview Assets.xcassets"; sourceTree = "<group>"; };
		90188C7F2A8A93C500EFDB1D /* Theme.swift */ = {isa = PBXFileReference; lastKnownFileType = sourcecode.swift; path = Theme.swift; sourceTree = "<group>"; };
		90188C812A8A948D00EFDB1D /* DailyScrum.swift */ = {isa = PBXFileReference; lastKnownFileType = sourcecode.swift; path = DailyScrum.swift; sourceTree = "<group>"; };
		90188C832A8A953800EFDB1D /* CardView.swift */ = {isa = PBXFileReference; lastKnownFileType = sourcecode.swift; path = CardView.swift; sourceTree = "<group>"; };
		90188C852A8A994300EFDB1D /* TrailingIconLabelStyle.swift */ = {isa = PBXFileReference; lastKnownFileType = sourcecode.swift; path = TrailingIconLabelStyle.swift; sourceTree = "<group>"; };
		90188C872A8B8CB600EFDB1D /* ScrumsView.swift */ = {isa = PBXFileReference; lastKnownFileType = sourcecode.swift; path = ScrumsView.swift; sourceTree = "<group>"; };
		902116142A8E17E7001B9DDF /* DetailView.swift */ = {isa = PBXFileReference; lastKnownFileType = sourcecode.swift; path = DetailView.swift; sourceTree = "<group>"; };
		903FAB1A2AA1C97A00199B21 /* ThemeView.swift */ = {isa = PBXFileReference; lastKnownFileType = sourcecode.swift; path = ThemeView.swift; sourceTree = "<group>"; };
		903FAB1C2AA1CB0200199B21 /* ThemePicker.swift */ = {isa = PBXFileReference; lastKnownFileType = sourcecode.swift; path = ThemePicker.swift; sourceTree = "<group>"; };
		909B5A912A8FB1F600DB0D78 /* DetailEditView.swift */ = {isa = PBXFileReference; lastKnownFileType = sourcecode.swift; path = DetailEditView.swift; sourceTree = "<group>"; };
/* End PBXFileReference section */

/* Begin PBXFrameworksBuildPhase section */
		90188C6A2A8A4A6800EFDB1D /* Frameworks */ = {
			isa = PBXFrameworksBuildPhase;
			buildActionMask = 2147483647;
			files = (
			);
			runOnlyForDeploymentPostprocessing = 0;
		};
/* End PBXFrameworksBuildPhase section */

/* Begin PBXGroup section */
		9012228D2AA6193F00DA742D /* Resources */ = {
			isa = PBXGroup;
			children = (
				9012228E2AA6196700DA742D /* ding.wav */,
			);
			path = Resources;
			sourceTree = "<group>";
		};
		90188C642A8A4A6800EFDB1D = {
			isa = PBXGroup;
			children = (
				90188C6F2A8A4A6800EFDB1D /* Scrumdinger */,
				90188C6E2A8A4A6800EFDB1D /* Products */,
			);
			sourceTree = "<group>";
		};
		90188C6E2A8A4A6800EFDB1D /* Products */ = {
			isa = PBXGroup;
			children = (
				90188C6D2A8A4A6800EFDB1D /* Scrumdinger.app */,
			);
			name = Products;
			sourceTree = "<group>";
		};
		90188C6F2A8A4A6800EFDB1D /* Scrumdinger */ = {
			isa = PBXGroup;
			children = (
				90188C7E2A8A93AA00EFDB1D /* Models */,
				90188C702A8A4A6800EFDB1D /* ScrumdingerApp.swift */,
				90188C722A8A4A6800EFDB1D /* MeetingView.swift */,
				9012228D2AA6193F00DA742D /* Resources */,
				901222832AA6081900DA742D /* MeetingHeaderView.swift */,
				901222892AA6161300DA742D /* MeetingFooterView.swift */,
				901222852AA60ACB00DA742D /* ScrumProgressViewStyle.swift */,
				90188C832A8A953800EFDB1D /* CardView.swift */,
				90188C872A8B8CB600EFDB1D /* ScrumsView.swift */,
				90188C852A8A994300EFDB1D /* TrailingIconLabelStyle.swift */,
				902116142A8E17E7001B9DDF /* DetailView.swift */,
				909B5A912A8FB1F600DB0D78 /* DetailEditView.swift */,
				903FAB1A2AA1C97A00199B21 /* ThemeView.swift */,
				903FAB1C2AA1CB0200199B21 /* ThemePicker.swift */,
				90188C742A8A4A6A00EFDB1D /* Assets.xcassets */,
				90188C762A8A4A6A00EFDB1D /* Preview Content */,
			);
			path = Scrumdinger;
			sourceTree = "<group>";
		};
		90188C762A8A4A6A00EFDB1D /* Preview Content */ = {
			isa = PBXGroup;
			children = (
				90188C772A8A4A6A00EFDB1D /* Preview Assets.xcassets */,
			);
			path = "Preview Content";
			sourceTree = "<group>";
		};
		90188C7E2A8A93AA00EFDB1D /* Models */ = {
			isa = PBXGroup;
			children = (
				90188C7F2A8A93C500EFDB1D /* Theme.swift */,
				90188C812A8A948D00EFDB1D /* DailyScrum.swift */,
				901222872AA60F4500DA742D /* ScrumTimer.swift */,
				9012228B2AA6189700DA742D /* AVPlayer+Ding.swift */,
			);
			path = Models;
			sourceTree = "<group>";
		};
/* End PBXGroup section */

/* Begin PBXNativeTarget section */
		90188C6C2A8A4A6800EFDB1D /* Scrumdinger */ = {
			isa = PBXNativeTarget;
			buildConfigurationList = 90188C7B2A8A4A6A00EFDB1D /* Build configuration list for PBXNativeTarget "Scrumdinger" */;
			buildPhases = (
				90188C692A8A4A6800EFDB1D /* Sources */,
				90188C6A2A8A4A6800EFDB1D /* Frameworks */,
				90188C6B2A8A4A6800EFDB1D /* Resources */,
			);
			buildRules = (
			);
			dependencies = (
			);
			name = Scrumdinger;
			productName = Scrumdinger;
			productReference = 90188C6D2A8A4A6800EFDB1D /* Scrumdinger.app */;
			productType = "com.apple.product-type.application";
		};
/* End PBXNativeTarget section */

/* Begin PBXProject section */
		90188C652A8A4A6800EFDB1D /* Project object */ = {
			isa = PBXProject;
			attributes = {
				BuildIndependentTargetsInParallel = 1;
				LastSwiftUpdateCheck = 1430;
				LastUpgradeCheck = 1430;
				TargetAttributes = {
					90188C6C2A8A4A6800EFDB1D = {
						CreatedOnToolsVersion = 14.3.1;
					};
				};
			};
			buildConfigurationList = 90188C682A8A4A6800EFDB1D /* Build configuration list for PBXProject "Scrumdinger" */;
			compatibilityVersion = "Xcode 14.0";
			developmentRegion = en;
			hasScannedForEncodings = 0;
			knownRegions = (
				en,
				Base,
			);
			mainGroup = 90188C642A8A4A6800EFDB1D;
			productRefGroup = 90188C6E2A8A4A6800EFDB1D /* Products */;
			projectDirPath = "";
			projectRoot = "";
			targets = (
				90188C6C2A8A4A6800EFDB1D /* Scrumdinger */,
			);
		};
/* End PBXProject section */

/* Begin PBXResourcesBuildPhase section */
		90188C6B2A8A4A6800EFDB1D /* Resources */ = {
			isa = PBXResourcesBuildPhase;
			buildActionMask = 2147483647;
			files = (
				9012228F2AA6196700DA742D /* ding.wav in Resources */,
				90188C782A8A4A6A00EFDB1D /* Preview Assets.xcassets in Resources */,
				90188C752A8A4A6A00EFDB1D /* Assets.xcassets in Resources */,
			);
			runOnlyForDeploymentPostprocessing = 0;
		};
/* End PBXResourcesBuildPhase section */

/* Begin PBXSourcesBuildPhase section */
		90188C692A8A4A6800EFDB1D /* Sources */ = {
			isa = PBXSourcesBuildPhase;
			buildActionMask = 2147483647;
			files = (
				903FAB1D2AA1CB0200199B21 /* ThemePicker.swift in Sources */,
				901222862AA60ACB00DA742D /* ScrumProgressViewStyle.swift in Sources */,
				9012228A2AA6161300DA742D /* MeetingFooterView.swift in Sources */,
				901222882AA60F4500DA742D /* ScrumTimer.swift in Sources */,
				90188C822A8A948D00EFDB1D /* DailyScrum.swift in Sources */,
				902116152A8E17E8001B9DDF /* DetailView.swift in Sources */,
				901222842AA6081900DA742D /* MeetingHeaderView.swift in Sources */,
				909B5A922A8FB1F600DB0D78 /* DetailEditView.swift in Sources */,
				90188C862A8A994300EFDB1D /* TrailingIconLabelStyle.swift in Sources */,
				90188C802A8A93C500EFDB1D /* Theme.swift in Sources */,
				90188C882A8B8CB600EFDB1D /* ScrumsView.swift in Sources */,
				90188C732A8A4A6800EFDB1D /* MeetingView.swift in Sources */,
				90188C712A8A4A6800EFDB1D /* ScrumdingerApp.swift in Sources */,
				903FAB1B2AA1C97A00199B21 /* ThemeView.swift in Sources */,
				90188C842A8A953800EFDB1D /* CardView.swift in Sources */,
				9012228C2AA6189700DA742D /* AVPlayer+Ding.swift in Sources */,
			);
			runOnlyForDeploymentPostprocessing = 0;
		};
/* End PBXSourcesBuildPhase section */

/* Begin XCBuildConfiguration section */
		90188C792A8A4A6A00EFDB1D /* Debug */ = {
			isa = XCBuildConfiguration;
			buildSettings = {
				ALWAYS_SEARCH_USER_PATHS = NO;
				CLANG_ANALYZER_NONNULL = YES;
				CLANG_ANALYZER_NUMBER_OBJECT_CONVERSION = YES_AGGRESSIVE;
				CLANG_CXX_LANGUAGE_STANDARD = "gnu++20";
				CLANG_ENABLE_MODULES = YES;
				CLANG_ENABLE_OBJC_ARC = YES;
				CLANG_ENABLE_OBJC_WEAK = YES;
				CLANG_WARN_BLOCK_CAPTURE_AUTORELEASING = YES;
				CLANG_WARN_BOOL_CONVERSION = YES;
				CLANG_WARN_COMMA = YES;
				CLANG_WARN_CONSTANT_CONVERSION = YES;
				CLANG_WARN_DEPRECATED_OBJC_IMPLEMENTATIONS = YES;
				CLANG_WARN_DIRECT_OBJC_ISA_USAGE = YES_ERROR;
				CLANG_WARN_DOCUMENTATION_COMMENTS = YES;
				CLANG_WARN_EMPTY_BODY = YES;
				CLANG_WARN_ENUM_CONVERSION = YES;
				CLANG_WARN_INFINITE_RECURSION = YES;
				CLANG_WARN_INT_CONVERSION = YES;
				CLANG_WARN_NON_LITERAL_NULL_CONVERSION = YES;
				CLANG_WARN_OBJC_IMPLICIT_RETAIN_SELF = YES;
				CLANG_WARN_OBJC_LITERAL_CONVERSION = YES;
				CLANG_WARN_OBJC_ROOT_CLASS = YES_ERROR;
				CLANG_WARN_QUOTED_INCLUDE_IN_FRAMEWORK_HEADER = YES;
				CLANG_WARN_RANGE_LOOP_ANALYSIS = YES;
				CLANG_WARN_STRICT_PROTOTYPES = YES;
				CLANG_WARN_SUSPICIOUS_MOVE = YES;
				CLANG_WARN_UNGUARDED_AVAILABILITY = YES_AGGRESSIVE;
				CLANG_WARN_UNREACHABLE_CODE = YES;
				CLANG_WARN__DUPLICATE_METHOD_MATCH = YES;
				COPY_PHASE_STRIP = NO;
				DEBUG_INFORMATION_FORMAT = dwarf;
				ENABLE_STRICT_OBJC_MSGSEND = YES;
				ENABLE_TESTABILITY = YES;
				GCC_C_LANGUAGE_STANDARD = gnu11;
				GCC_DYNAMIC_NO_PIC = NO;
				GCC_NO_COMMON_BLOCKS = YES;
				GCC_OPTIMIZATION_LEVEL = 0;
				GCC_PREPROCESSOR_DEFINITIONS = (
					"DEBUG=1",
					"$(inherited)",
				);
				GCC_WARN_64_TO_32_BIT_CONVERSION = YES;
				GCC_WARN_ABOUT_RETURN_TYPE = YES_ERROR;
				GCC_WARN_UNDECLARED_SELECTOR = YES;
				GCC_WARN_UNINITIALIZED_AUTOS = YES_AGGRESSIVE;
				GCC_WARN_UNUSED_FUNCTION = YES;
				GCC_WARN_UNUSED_VARIABLE = YES;
				IPHONEOS_DEPLOYMENT_TARGET = 16.4;
				MTL_ENABLE_DEBUG_INFO = INCLUDE_SOURCE;
				MTL_FAST_MATH = YES;
				ONLY_ACTIVE_ARCH = YES;
				SDKROOT = iphoneos;
				SWIFT_ACTIVE_COMPILATION_CONDITIONS = DEBUG;
				SWIFT_OPTIMIZATION_LEVEL = "-Onone";
			};
			name = Debug;
		};
		90188C7A2A8A4A6A00EFDB1D /* Release */ = {
			isa = XCBuildConfiguration;
			buildSettings = {
				ALWAYS_SEARCH_USER_PATHS = NO;
				CLANG_ANALYZER_NONNULL = YES;
				CLANG_ANALYZER_NUMBER_OBJECT_CONVERSION = YES_AGGRESSIVE;
				CLANG_CXX_LANGUAGE_STANDARD = "gnu++20";
				CLANG_ENABLE_MODULES = YES;
				CLANG_ENABLE_OBJC_ARC = YES;
				CLANG_ENABLE_OBJC_WEAK = YES;
				CLANG_WARN_BLOCK_CAPTURE_AUTORELEASING = YES;
				CLANG_WARN_BOOL_CONVERSION = YES;
				CLANG_WARN_COMMA = YES;
				CLANG_WARN_CONSTANT_CONVERSION = YES;
				CLANG_WARN_DEPRECATED_OBJC_IMPLEMENTATIONS = YES;
				CLANG_WARN_DIRECT_OBJC_ISA_USAGE = YES_ERROR;
				CLANG_WARN_DOCUMENTATION_COMMENTS = YES;
				CLANG_WARN_EMPTY_BODY = YES;
				CLANG_WARN_ENUM_CONVERSION = YES;
				CLANG_WARN_INFINITE_RECURSION = YES;
				CLANG_WARN_INT_CONVERSION = YES;
				CLANG_WARN_NON_LITERAL_NULL_CONVERSION = YES;
				CLANG_WARN_OBJC_IMPLICIT_RETAIN_SELF = YES;
				CLANG_WARN_OBJC_LITERAL_CONVERSION = YES;
				CLANG_WARN_OBJC_ROOT_CLASS = YES_ERROR;
				CLANG_WARN_QUOTED_INCLUDE_IN_FRAMEWORK_HEADER = YES;
				CLANG_WARN_RANGE_LOOP_ANALYSIS = YES;
				CLANG_WARN_STRICT_PROTOTYPES = YES;
				CLANG_WARN_SUSPICIOUS_MOVE = YES;
				CLANG_WARN_UNGUARDED_AVAILABILITY = YES_AGGRESSIVE;
				CLANG_WARN_UNREACHABLE_CODE = YES;
				CLANG_WARN__DUPLICATE_METHOD_MATCH = YES;
				COPY_PHASE_STRIP = NO;
				DEBUG_INFORMATION_FORMAT = "dwarf-with-dsym";
				ENABLE_NS_ASSERTIONS = NO;
				ENABLE_STRICT_OBJC_MSGSEND = YES;
				GCC_C_LANGUAGE_STANDARD = gnu11;
				GCC_NO_COMMON_BLOCKS = YES;
				GCC_WARN_64_TO_32_BIT_CONVERSION = YES;
				GCC_WARN_ABOUT_RETURN_TYPE = YES_ERROR;
				GCC_WARN_UNDECLARED_SELECTOR = YES;
				GCC_WARN_UNINITIALIZED_AUTOS = YES_AGGRESSIVE;
				GCC_WARN_UNUSED_FUNCTION = YES;
				GCC_WARN_UNUSED_VARIABLE = YES;
				IPHONEOS_DEPLOYMENT_TARGET = 16.4;
				MTL_ENABLE_DEBUG_INFO = NO;
				MTL_FAST_MATH = YES;
				SDKROOT = iphoneos;
				SWIFT_COMPILATION_MODE = wholemodule;
				SWIFT_OPTIMIZATION_LEVEL = "-O";
				VALIDATE_PRODUCT = YES;
			};
			name = Release;
		};
		90188C7C2A8A4A6A00EFDB1D /* Debug */ = {
			isa = XCBuildConfiguration;
			buildSettings = {
				ASSETCATALOG_COMPILER_APPICON_NAME = AppIcon;
				ASSETCATALOG_COMPILER_GLOBAL_ACCENT_COLOR_NAME = AccentColor;
				CODE_SIGN_STYLE = Automatic;
				CURRENT_PROJECT_VERSION = 1;
				DEVELOPMENT_ASSET_PATHS = "\"Scrumdinger/Preview Content\"";
				ENABLE_PREVIEWS = YES;
				GENERATE_INFOPLIST_FILE = YES;
				INFOPLIST_KEY_UIApplicationSceneManifest_Generation = YES;
				INFOPLIST_KEY_UIApplicationSupportsIndirectInputEvents = YES;
				INFOPLIST_KEY_UILaunchScreen_Generation = YES;
				INFOPLIST_KEY_UISupportedInterfaceOrientations_iPad = "UIInterfaceOrientationPortrait UIInterfaceOrientationPortraitUpsideDown UIInterfaceOrientationLandscapeLeft UIInterfaceOrientationLandscapeRight";
				INFOPLIST_KEY_UISupportedInterfaceOrientations_iPhone = "UIInterfaceOrientationPortrait UIInterfaceOrientationLandscapeLeft UIInterfaceOrientationLandscapeRight";
				LD_RUNPATH_SEARCH_PATHS = (
					"$(inherited)",
					"@executable_path/Frameworks",
				);
				MARKETING_VERSION = 1.0;
				PRODUCT_BUNDLE_IDENTIFIER = com.devjangir.Scrumdinger;
				PRODUCT_NAME = "$(TARGET_NAME)";
				SWIFT_EMIT_LOC_STRINGS = YES;
				SWIFT_VERSION = 5.0;
				TARGETED_DEVICE_FAMILY = "1,2";
			};
			name = Debug;
		};
		90188C7D2A8A4A6A00EFDB1D /* Release */ = {
			isa = XCBuildConfiguration;
			buildSettings = {
				ASSETCATALOG_COMPILER_APPICON_NAME = AppIcon;
				ASSETCATALOG_COMPILER_GLOBAL_ACCENT_COLOR_NAME = AccentColor;
				CODE_SIGN_STYLE = Automatic;
				CURRENT_PROJECT_VERSION = 1;
				DEVELOPMENT_ASSET_PATHS = "\"Scrumdinger/Preview Content\"";
				ENABLE_PREVIEWS = YES;
				GENERATE_INFOPLIST_FILE = YES;
				INFOPLIST_KEY_UIApplicationSceneManifest_Generation = YES;
				INFOPLIST_KEY_UIApplicationSupportsIndirectInputEvents = YES;
				INFOPLIST_KEY_UILaunchScreen_Generation = YES;
				INFOPLIST_KEY_UISupportedInterfaceOrientations_iPad = "UIInterfaceOrientationPortrait UIInterfaceOrientationPortraitUpsideDown UIInterfaceOrientationLandscapeLeft UIInterfaceOrientationLandscapeRight";
				INFOPLIST_KEY_UISupportedInterfaceOrientations_iPhone = "UIInterfaceOrientationPortrait UIInterfaceOrientationLandscapeLeft UIInterfaceOrientationLandscapeRight";
				LD_RUNPATH_SEARCH_PATHS = (
					"$(inherited)",
					"@executable_path/Frameworks",
				);
				MARKETING_VERSION = 1.0;
				PRODUCT_BUNDLE_IDENTIFIER = com.devjangir.Scrumdinger;
				PRODUCT_NAME = "$(TARGET_NAME)";
				SWIFT_EMIT_LOC_STRINGS = YES;
				SWIFT_VERSION = 5.0;
				TARGETED_DEVICE_FAMILY = "1,2";
			};
			name = Release;
		};
/* End XCBuildConfiguration section */

/* Begin XCConfigurationList section */
		90188C682A8A4A6800EFDB1D /* Build configuration list for PBXProject "Scrumdinger" */ = {
			isa = XCConfigurationList;
			buildConfigurations = (
				90188C792A8A4A6A00EFDB1D /* Debug */,
				90188C7A2A8A4A6A00EFDB1D /* Release */,
			);
			defaultConfigurationIsVisible = 0;
			defaultConfigurationName = Release;
		};
		90188C7B2A8A4A6A00EFDB1D /* Build configuration list for PBXNativeTarget "Scrumdinger" */ = {
			isa = XCConfigurationList;
			buildConfigurations = (
				90188C7C2A8A4A6A00EFDB1D /* Debug */,
				90188C7D2A8A4A6A00EFDB1D /* Release */,
			);
			defaultConfigurationIsVisible = 0;
			defaultConfigurationName = Release;
		};
/* End XCConfigurationList section */
	};
	rootObject = 90188C652A8A4A6800EFDB1D /* Project object */;
}
